
Microsoft Visual Studio Solution File, Format Version 12.00
# Visual Studio Version 17
VisualStudioVersion = 17.5.33627.172
MinimumVisualStudioVersion = 10.0.40219.1
Project("{FAE04EC0-301F-11D3-BF4B-00C04F79EFBC}") = "HelloWorldApp", "HelloWorldApp.csproj", "{E2695B0D-92A2-4716-B083-7004D10A13CF}"
EndProject
Global
	GlobalSection(SolutionConfigurationPlatforms) = preSolution
		Debug|Any CPU = Debug|Any CPU
		Release|Any CPU = Release|Any CPU
	EndGlobalSection
	GlobalSection(ProjectConfigurationPlatforms) = postSolution
		{E2695B0D-92A2-4716-B083-7004D10A13CF}.Debug|Any CPU.ActiveCfg = Debug|Any CPU
		{E2695B0D-92A2-4716-B083-7004D10A13CF}.Debug|Any CPU.Build.0 = Debug|Any CPU
		{E2695B0D-92A2-4716-B083-7004D10A13CF}.Release|Any CPU.ActiveCfg = Release|Any CPU
		{E2695B0D-92A2-4716-B083-7004D10A13CF}.Release|Any CPU.Build.0 = Release|Any CPU
	EndGlobalSection
	GlobalSection(SolutionProperties) = preSolution
		HideSolutionNode = FALSE
	EndGlobalSection
	GlobalSection(ExtensibilityGlobals) = postSolution
		SolutionGuid = {428C13D2-938C-4805-94B5-02B8FB7B32E7}
	EndGlobalSection
EndGlobal
